Microsoft Visual Studio Solution File, Format Version 12.00
# Visual Studio 15
VisualStudioVersion = 15.0.27004.2010
MinimumVisualStudioVersion = 15.0.26124.0
Project("{9A19103F-16F7-4668-BE54-9A1E7A4F7556}") = "Common", "Common\Common.csproj", "{86B7087D-455A-4387-8EFA-793BD8D3EAD6}"
EndProject
Project("{9A19103F-16F7-4668-BE54-9A1E7A4F7556}") = "Day1", "Day1\Day1.csproj", "{67FFAA8C-9E6B-4406-A8DB-0B781FA1AC3F}"
EndProject
Project("{9A19103F-16F7-4668-BE54-9A1E7A4F7556}") = "Day2", "Day2\Day2.csproj", "{1F7C4CE1-FE55-4DC4-87B7-A47AB3FC106A}"
EndProject
Project("{9A19103F-16F7-4668-BE54-9A1E7A4F7556}") = "Day3", "Day3\Day3.csproj", "{B17D0F94-0C38-4608-A9E5-BB50F421003B}"
EndProject
Project("{9A19103F-16F7-4668-BE54-9A1E7A4F7556}") = "Day4", "Day4\Day4.csproj", "{54AEBA51-E573-4627-AD3E-35F1BF264398}"
EndProject
Project("{9A19103F-16F7-4668-BE54-9A1E7A4F7556}") = "Day5", "Day5\Day5.csproj", "{AF016EC5-3033-4121-8EAB-6F77895FAE80}"
EndProject
Project("{9A19103F-16F7-4668-BE54-9A1E7A4F7556}") = "Day6", "Day6\Day6.csproj", "{F6C100C6-3C87-4DC5-AEBF-43A61CDC87C2}"
EndProject
Project("{9A19103F-16F7-4668-BE54-9A1E7A4F7556}") = "Day7", "Day7\Day7.csproj", "{B61461F0-47A0-47DF-A3D9-64BF4C026BE1}"
EndProject
Project("{9A19103F-16F7-4668-BE54-9A1E7A4F7556}") = "Day8", "Day8\Day8.csproj", "{FF406767-7CB4-4329-8B5F-26A8AE61D6C2}"
EndProject
Project("{9A19103F-16F7-4668-BE54-9A1E7A4F7556}") = "Day9", "Day9\Day9.csproj", "{A510A08E-B5CF-42ED-A551-C9322CF6ABCF}"
EndProject
Project("{9A19103F-16F7-4668-BE54-9A1E7A4F7556}") = "Day10", "Day10\Day10.csproj", "{7CA10121-928C-4175-8595-97DB266F1AD3}"
EndProject
Project("{9A19103F-16F7-4668-BE54-9A1E7A4F7556}") = "Day11", "Day11\Day11.csproj", "{458C253F-8138-4CD2-ABDB-E1746382E9B4}"
EndProject
Project("{9A19103F-16F7-4668-BE54-9A1E7A4F7556}") = "Day12", "Day12\Day12.csproj", "{BAB7A25E-A414-41B8-8C55-3076C8B3237B}"
EndProject
Project("{9A19103F-16F7-4668-BE54-9A1E7A4F7556}") = "Day13", "Day13\Day13.csproj", "{35D3F9A8-4865-49FA-97EC-95369D754947}"
EndProject
Project("{9A19103F-16F7-4668-BE54-9A1E7A4F7556}") = "Day14", "Day14\Day14.csproj", "{571C15F2-D8A7-465D-AB56-AA6ABF9A1D78}"
EndProject
Project("{9A19103F-16F7-4668-BE54-9A1E7A4F7556}") = "Day15", "Day15\Day15.csproj", "{896FF7DB-8374-45DE-99E5-5EC6E4C9F6BC}"
EndProject
Project("{9A19103F-16F7-4668-BE54-9A1E7A4F7556}") = "Day16", "Day16\Day16.csproj", "{BF36FE47-C61A-4053-8FA5-9A4486728048}"
EndProject
Project("{9A19103F-16F7-4668-BE54-9A1E7A4F7556}") = "Day17", "Day17\Day17.csproj", "{99B434E5-988B-4588-859A-5ABEDA7227E1}"
EndProject
Project("{9A19103F-16F7-4668-BE54-9A1E7A4F7556}") = "Day18", "Day18\Day18.csproj", "{651D3887-971A-4F0F-9159-40F2B9CD4046}"
EndProject
Project("{9A19103F-16F7-4668-BE54-9A1E7A4F7556}") = "Day19", "Day19\Day19.csproj", "{3B6855C1-F909-42A7-B966-7C971F8BD811}"
EndProject
Project("{9A19103F-16F7-4668-BE54-9A1E7A4F7556}") = "Day20", "Day20\Day20.csproj", "{76725C78-EC25-4E71-9449-6449F6C000D0}"
EndProject
Project("{9A19103F-16F7-4668-BE54-9A1E7A4F7556}") = "Day21", "Day21\Day21.csproj", "{5502E064-48EB-4FE4-BD5A-EE7E0E1E888D}"
EndProject
Project("{9A19103F-16F7-4668-BE54-9A1E7A4F7556}") = "Day22", "Day22\Day22.csproj", "{497679E8-A85F-4E7B-B88D-3FECF3759EC6}"
EndProject
Project("{FAE04EC0-301F-11D3-BF4B-00C04F79EFBC}") = "Day23", "Day23\Day23.csproj", "{1C01ED39-DDAF-4CA9-8604-43EAED6853E6}"
EndProject
Project("{FAE04EC0-301F-11D3-BF4B-00C04F79EFBC}") = "Day24", "Day24\Day24.csproj", "{75E7F34F-2D18-4CAC-8533-DC80D4886619}"
EndProject
Global
	GlobalSection(SolutionConfigurationPlatforms) = preSolution
		Debug|Any CPU = Debug|Any CPU
		Debug|x64 = Debug|x64
		Debug|x86 = Debug|x86
		Release|Any CPU = Release|Any CPU
		Release|x64 = Release|x64
		Release|x86 = Release|x86
	EndGlobalSection
	GlobalSection(ProjectConfigurationPlatforms) = postSolution
		{86B7087D-455A-4387-8EFA-793BD8D3EAD6}.Debug|Any CPU.ActiveCfg = Debug|Any CPU
		{86B7087D-455A-4387-8EFA-793BD8D3EAD6}.Debug|Any CPU.Build.0 = Debug|Any CPU
		{86B7087D-455A-4387-8EFA-793BD8D3EAD6}.Debug|x64.ActiveCfg = Debug|Any CPU
		{86B7087D-455A-4387-8EFA-793BD8D3EAD6}.Debug|x64.Build.0 = Debug|Any CPU
		{86B7087D-455A-4387-8EFA-793BD8D3EAD6}.Debug|x86.ActiveCfg = Debug|Any CPU
		{86B7087D-455A-4387-8EFA-793BD8D3EAD6}.Debug|x86.Build.0 = Debug|Any CPU
		{86B7087D-455A-4387-8EFA-793BD8D3EAD6}.Release|Any CPU.ActiveCfg = Release|Any CPU
		{86B7087D-455A-4387-8EFA-793BD8D3EAD6}.Release|Any CPU.Build.0 = Release|Any CPU
		{86B7087D-455A-4387-8EFA-793BD8D3EAD6}.Release|x64.ActiveCfg = Release|Any CPU
		{86B7087D-455A-4387-8EFA-793BD8D3EAD6}.Release|x64.Build.0 = Release|Any CPU
		{86B7087D-455A-4387-8EFA-793BD8D3EAD6}.Release|x86.ActiveCfg = Release|Any CPU
		{86B7087D-455A-4387-8EFA-793BD8D3EAD6}.Release|x86.Build.0 = Release|Any CPU
		{67FFAA8C-9E6B-4406-A8DB-0B781FA1AC3F}.Debug|Any CPU.ActiveCfg = Debug|Any CPU
		{67FFAA8C-9E6B-4406-A8DB-0B781FA1AC3F}.Debug|Any CPU.Build.0 = Debug|Any CPU
		{67FFAA8C-9E6B-4406-A8DB-0B781FA1AC3F}.Debug|x64.ActiveCfg = Debug|Any CPU
		{67FFAA8C-9E6B-4406-A8DB-0B781FA1AC3F}.Debug|x64.Build.0 = Debug|Any CPU
		{67FFAA8C-9E6B-4406-A8DB-0B781FA1AC3F}.Debug|x86.ActiveCfg = Debug|Any CPU
		{67FFAA8C-9E6B-4406-A8DB-0B781FA1AC3F}.Debug|x86.Build.0 = Debug|Any CPU
		{67FFAA8C-9E6B-4406-A8DB-0B781FA1AC3F}.Release|Any CPU.ActiveCfg = Release|Any CPU
		{67FFAA8C-9E6B-4406-A8DB-0B781FA1AC3F}.Release|Any CPU.Build.0 = Release|Any CPU
		{67FFAA8C-9E6B-4406-A8DB-0B781FA1AC3F}.Release|x64.ActiveCfg = Release|Any CPU
		{67FFAA8C-9E6B-4406-A8DB-0B781FA1AC3F}.Release|x64.Build.0 = Release|Any CPU
		{67FFAA8C-9E6B-4406-A8DB-0B781FA1AC3F}.Release|x86.ActiveCfg = Release|Any CPU
		{67FFAA8C-9E6B-4406-A8DB-0B781FA1AC3F}.Release|x86.Build.0 = Release|Any CPU
		{1F7C4CE1-FE55-4DC4-87B7-A47AB3FC106A}.Debug|Any CPU.ActiveCfg = Debug|Any CPU
		{1F7C4CE1-FE55-4DC4-87B7-A47AB3FC106A}.Debug|Any CPU.Build.0 = Debug|Any CPU
		{1F7C4CE1-FE55-4DC4-87B7-A47AB3FC106A}.Debug|x64.ActiveCfg = Debug|Any CPU
		{1F7C4CE1-FE55-4DC4-87B7-A47AB3FC106A}.Debug|x64.Build.0 = Debug|Any CPU
		{1F7C4CE1-FE55-4DC4-87B7-A47AB3FC106A}.Debug|x86.ActiveCfg = Debug|Any CPU
		{1F7C4CE1-FE55-4DC4-87B7-A47AB3FC106A}.Debug|x86.Build.0 = Debug|Any CPU
		{1F7C4CE1-FE55-4DC4-87B7-A47AB3FC106A}.Release|Any CPU.ActiveCfg = Release|Any CPU
		{1F7C4CE1-FE55-4DC4-87B7-A47AB3FC106A}.Release|Any CPU.Build.0 = Release|Any CPU
		{1F7C4CE1-FE55-4DC4-87B7-A47AB3FC106A}.Release|x64.ActiveCfg = Release|Any CPU
		{1F7C4CE1-FE55-4DC4-87B7-A47AB3FC106A}.Release|x64.Build.0 = Release|Any CPU
		{1F7C4CE1-FE55-4DC4-87B7-A47AB3FC106A}.Release|x86.ActiveCfg = Release|Any CPU
		{1F7C4CE1-FE55-4DC4-87B7-A47AB3FC106A}.Release|x86.Build.0 = Release|Any CPU
		{B17D0F94-0C38-4608-A9E5-BB50F421003B}.Debug|Any CPU.ActiveCfg = Debug|Any CPU
		{B17D0F94-0C38-4608-A9E5-BB50F421003B}.Debug|Any CPU.Build.0 = Debug|Any CPU
		{B17D0F94-0C38-4608-A9E5-BB50F421003B}.Debug|x64.ActiveCfg = Debug|Any CPU
		{B17D0F94-0C38-4608-A9E5-BB50F421003B}.Debug|x64.Build.0 = Debug|Any CPU
		{B17D0F94-0C38-4608-A9E5-BB50F421003B}.Debug|x86.ActiveCfg = Debug|Any CPU
		{B17D0F94-0C38-4608-A9E5-BB50F421003B}.Debug|x86.Build.0 = Debug|Any CPU
		{B17D0F94-0C38-4608-A9E5-BB50F421003B}.Release|Any CPU.ActiveCfg = Release|Any CPU
		{B17D0F94-0C38-4608-A9E5-BB50F421003B}.Release|Any CPU.Build.0 = Release|Any CPU
		{B17D0F94-0C38-4608-A9E5-BB50F421003B}.Release|x64.ActiveCfg = Release|Any CPU
		{B17D0F94-0C38-4608-A9E5-BB50F421003B}.Release|x64.Build.0 = Release|Any CPU
		{B17D0F94-0C38-4608-A9E5-BB50F421003B}.Release|x86.ActiveCfg = Release|Any CPU
		{B17D0F94-0C38-4608-A9E5-BB50F421003B}.Release|x86.Build.0 = Release|Any CPU
		{54AEBA51-E573-4627-AD3E-35F1BF264398}.Debug|Any CPU.ActiveCfg = Debug|Any CPU
		{54AEBA51-E573-4627-AD3E-35F1BF264398}.Debug|Any CPU.Build.0 = Debug|Any CPU
		{54AEBA51-E573-4627-AD3E-35F1BF264398}.Debug|x64.ActiveCfg = Debug|Any CPU
		{54AEBA51-E573-4627-AD3E-35F1BF264398}.Debug|x64.Build.0 = Debug|Any CPU
		{54AEBA51-E573-4627-AD3E-35F1BF264398}.Debug|x86.ActiveCfg = Debug|Any CPU
		{54AEBA51-E573-4627-AD3E-35F1BF264398}.Debug|x86.Build.0 = Debug|Any CPU
		{54AEBA51-E573-4627-AD3E-35F1BF264398}.Release|Any CPU.ActiveCfg = Release|Any CPU
		{54AEBA51-E573-4627-AD3E-35F1BF264398}.Release|Any CPU.Build.0 = Release|Any CPU
		{54AEBA51-E573-4627-AD3E-35F1BF264398}.Release|x64.ActiveCfg = Release|Any CPU
		{54AEBA51-E573-4627-AD3E-35F1BF264398}.Release|x64.Build.0 = Release|Any CPU
		{54AEBA51-E573-4627-AD3E-35F1BF264398}.Release|x86.ActiveCfg = Release|Any CPU
		{54AEBA51-E573-4627-AD3E-35F1BF264398}.Release|x86.Build.0 = Release|Any CPU
		{AF016EC5-3033-4121-8EAB-6F77895FAE80}.Debug|Any CPU.ActiveCfg = Debug|Any CPU
		{AF016EC5-3033-4121-8EAB-6F77895FAE80}.Debug|Any CPU.Build.0 = Debug|Any CPU
		{AF016EC5-3033-4121-8EAB-6F77895FAE80}.Debug|x64.ActiveCfg = Debug|Any CPU
		{AF016EC5-3033-4121-8EAB-6F77895FAE80}.Debug|x64.Build.0 = Debug|Any CPU
		{AF016EC5-3033-4121-8EAB-6F77895FAE80}.Debug|x86.ActiveCfg = Debug|Any CPU
		{AF016EC5-3033-4121-8EAB-6F77895FAE80}.Debug|x86.Build.0 = Debug|Any CPU
		{AF016EC5-3033-4121-8EAB-6F77895FAE80}.Release|Any CPU.ActiveCfg = Release|Any CPU
		{AF016EC5-3033-4121-8EAB-6F77895FAE80}.Release|Any CPU.Build.0 = Release|Any CPU
		{AF016EC5-3033-4121-8EAB-6F77895FAE80}.Release|x64.ActiveCfg = Release|Any CPU
		{AF016EC5-3033-4121-8EAB-6F77895FAE80}.Release|x64.Build.0 = Release|Any CPU
		{AF016EC5-3033-4121-8EAB-6F77895FAE80}.Release|x86.ActiveCfg = Release|Any CPU
		{AF016EC5-3033-4121-8EAB-6F77895FAE80}.Release|x86.Build.0 = Release|Any CPU
		{F6C100C6-3C87-4DC5-AEBF-43A61CDC87C2}.Debug|Any CPU.ActiveCfg = Debug|Any CPU
		{F6C100C6-3C87-4DC5-AEBF-43A61CDC87C2}.Debug|Any CPU.Build.0 = Debug|Any CPU
		{F6C100C6-3C87-4DC5-AEBF-43A61CDC87C2}.Debug|x64.ActiveCfg = Debug|Any CPU
		{F6C100C6-3C87-4DC5-AEBF-43A61CDC87C2}.Debug|x64.Build.0 = Debug|Any CPU
		{F6C100C6-3C87-4DC5-AEBF-43A61CDC87C2}.Debug|x86.ActiveCfg = Debug|Any CPU
		{F6C100C6-3C87-4DC5-AEBF-43A61CDC87C2}.Debug|x86.Build.0 = Debug|Any CPU
		{F6C100C6-3C87-4DC5-AEBF-43A61CDC87C2}.Release|Any CPU.ActiveCfg = Release|Any CPU
		{F6C100C6-3C87-4DC5-AEBF-43A61CDC87C2}.Release|Any CPU.Build.0 = Release|Any CPU
		{F6C100C6-3C87-4DC5-AEBF-43A61CDC87C2}.Release|x64.ActiveCfg = Release|Any CPU
		{F6C100C6-3C87-4DC5-AEBF-43A61CDC87C2}.Release|x64.Build.0 = Release|Any CPU
		{F6C100C6-3C87-4DC5-AEBF-43A61CDC87C2}.Release|x86.ActiveCfg = Release|Any CPU
		{F6C100C6-3C87-4DC5-AEBF-43A61CDC87C2}.Release|x86.Build.0 = Release|Any CPU
		{B61461F0-47A0-47DF-A3D9-64BF4C026BE1}.Debug|Any CPU.ActiveCfg = Debug|Any CPU
		{B61461F0-47A0-47DF-A3D9-64BF4C026BE1}.Debug|Any CPU.Build.0 = Debug|Any CPU
		{B61461F0-47A0-47DF-A3D9-64BF4C026BE1}.Debug|x64.ActiveCfg = Debug|Any CPU
		{B61461F0-47A0-47DF-A3D9-64BF4C026BE1}.Debug|x64.Build.0 = Debug|Any CPU
		{B61461F0-47A0-47DF-A3D9-64BF4C026BE1}.Debug|x86.ActiveCfg = Debug|Any CPU
		{B61461F0-47A0-47DF-A3D9-64BF4C026BE1}.Debug|x86.Build.0 = Debug|Any CPU
		{B61461F0-47A0-47DF-A3D9-64BF4C026BE1}.Release|Any CPU.ActiveCfg = Release|Any CPU
		{B61461F0-47A0-47DF-A3D9-64BF4C026BE1}.Release|Any CPU.Build.0 = Release|Any CPU
		{B61461F0-47A0-47DF-A3D9-64BF4C026BE1}.Release|x64.ActiveCfg = Release|Any CPU
		{B61461F0-47A0-47DF-A3D9-64BF4C026BE1}.Release|x64.Build.0 = Release|Any CPU
		{B61461F0-47A0-47DF-A3D9-64BF4C026BE1}.Release|x86.ActiveCfg = Release|Any CPU
		{B61461F0-47A0-47DF-A3D9-64BF4C026BE1}.Release|x86.Build.0 = Release|Any CPU
		{FF406767-7CB4-4329-8B5F-26A8AE61D6C2}.Debug|Any CPU.ActiveCfg = Debug|Any CPU
		{FF406767-7CB4-4329-8B5F-26A8AE61D6C2}.Debug|Any CPU.Build.0 = Debug|Any CPU
		{FF406767-7CB4-4329-8B5F-26A8AE61D6C2}.Debug|x64.ActiveCfg = Debug|Any CPU
		{FF406767-7CB4-4329-8B5F-26A8AE61D6C2}.Debug|x64.Build.0 = Debug|Any CPU
		{FF406767-7CB4-4329-8B5F-26A8AE61D6C2}.Debug|x86.ActiveCfg = Debug|Any CPU
		{FF406767-7CB4-4329-8B5F-26A8AE61D6C2}.Debug|x86.Build.0 = Debug|Any CPU
		{FF406767-7CB4-4329-8B5F-26A8AE61D6C2}.Release|Any CPU.ActiveCfg = Release|Any CPU
		{FF406767-7CB4-4329-8B5F-26A8AE61D6C2}.Release|Any CPU.Build.0 = Release|Any CPU
		{FF406767-7CB4-4329-8B5F-26A8AE61D6C2}.Release|x64.ActiveCfg = Release|Any CPU
		{FF406767-7CB4-4329-8B5F-26A8AE61D6C2}.Release|x64.Build.0 = Release|Any CPU
		{FF406767-7CB4-4329-8B5F-26A8AE61D6C2}.Release|x86.ActiveCfg = Release|Any CPU
		{FF406767-7CB4-4329-8B5F-26A8AE61D6C2}.Release|x86.Build.0 = Release|Any CPU
		{A510A08E-B5CF-42ED-A551-C9322CF6ABCF}.Debug|Any CPU.ActiveCfg = Debug|Any CPU
		{A510A08E-B5CF-42ED-A551-C9322CF6ABCF}.Debug|Any CPU.Build.0 = Debug|Any CPU
		{A510A08E-B5CF-42ED-A551-C9322CF6ABCF}.Debug|x64.ActiveCfg = Debug|Any CPU
		{A510A08E-B5CF-42ED-A551-C9322CF6ABCF}.Debug|x64.Build.0 = Debug|Any CPU
		{A510A08E-B5CF-42ED-A551-C9322CF6ABCF}.Debug|x86.ActiveCfg = Debug|Any CPU
		{A510A08E-B5CF-42ED-A551-C9322CF6ABCF}.Debug|x86.Build.0 = Debug|Any CPU
		{A510A08E-B5CF-42ED-A551-C9322CF6ABCF}.Release|Any CPU.ActiveCfg = Release|Any CPU
		{A510A08E-B5CF-42ED-A551-C9322CF6ABCF}.Release|Any CPU.Build.0 = Release|Any CPU
		{A510A08E-B5CF-42ED-A551-C9322CF6ABCF}.Release|x64.ActiveCfg = Release|Any CPU
		{A510A08E-B5CF-42ED-A551-C9322CF6ABCF}.Release|x64.Build.0 = Release|Any CPU
		{A510A08E-B5CF-42ED-A551-C9322CF6ABCF}.Release|x86.ActiveCfg = Release|Any CPU
		{A510A08E-B5CF-42ED-A551-C9322CF6ABCF}.Release|x86.Build.0 = Release|Any CPU
		{7CA10121-928C-4175-8595-97DB266F1AD3}.Debug|Any CPU.ActiveCfg = Debug|Any CPU
		{7CA10121-928C-4175-8595-97DB266F1AD3}.Debug|Any CPU.Build.0 = Debug|Any CPU
		{7CA10121-928C-4175-8595-97DB266F1AD3}.Debug|x64.ActiveCfg = Debug|Any CPU
		{7CA10121-928C-4175-8595-97DB266F1AD3}.Debug|x64.Build.0 = Debug|Any CPU
		{7CA10121-928C-4175-8595-97DB266F1AD3}.Debug|x86.ActiveCfg = Debug|Any CPU
		{7CA10121-928C-4175-8595-97DB266F1AD3}.Debug|x86.Build.0 = Debug|Any CPU
		{7CA10121-928C-4175-8595-97DB266F1AD3}.Release|Any CPU.ActiveCfg = Release|Any CPU
		{7CA10121-928C-4175-8595-97DB266F1AD3}.Release|Any CPU.Build.0 = Release|Any CPU
		{7CA10121-928C-4175-8595-97DB266F1AD3}.Release|x64.ActiveCfg = Release|Any CPU
		{7CA10121-928C-4175-8595-97DB266F1AD3}.Release|x64.Build.0 = Release|Any CPU
		{7CA10121-928C-4175-8595-97DB266F1AD3}.Release|x86.ActiveCfg = Release|Any CPU
		{7CA10121-928C-4175-8595-97DB266F1AD3}.Release|x86.Build.0 = Release|Any CPU
		{458C253F-8138-4CD2-ABDB-E1746382E9B4}.Debug|Any CPU.ActiveCfg = Debug|Any CPU
		{458C253F-8138-4CD2-ABDB-E1746382E9B4}.Debug|Any CPU.Build.0 = Debug|Any CPU
		{458C253F-8138-4CD2-ABDB-E1746382E9B4}.Debug|x64.ActiveCfg = Debug|Any CPU
		{458C253F-8138-4CD2-ABDB-E1746382E9B4}.Debug|x64.Build.0 = Debug|Any CPU
		{458C253F-8138-4CD2-ABDB-E1746382E9B4}.Debug|x86.ActiveCfg = Debug|Any CPU
		{458C253F-8138-4CD2-ABDB-E1746382E9B4}.Debug|x86.Build.0 = Debug|Any CPU
		{458C253F-8138-4CD2-ABDB-E1746382E9B4}.Release|Any CPU.ActiveCfg = Release|Any CPU
		{458C253F-8138-4CD2-ABDB-E1746382E9B4}.Release|Any CPU.Build.0 = Release|Any CPU
		{458C253F-8138-4CD2-ABDB-E1746382E9B4}.Release|x64.ActiveCfg = Release|Any CPU
		{458C253F-8138-4CD2-ABDB-E1746382E9B4}.Release|x64.Build.0 = Release|Any CPU
		{458C253F-8138-4CD2-ABDB-E1746382E9B4}.Release|x86.ActiveCfg = Release|Any CPU
		{458C253F-8138-4CD2-ABDB-E1746382E9B4}.Release|x86.Build.0 = Release|Any CPU
		{BAB7A25E-A414-41B8-8C55-3076C8B3237B}.Debug|Any CPU.ActiveCfg = Debug|Any CPU
		{BAB7A25E-A414-41B8-8C55-3076C8B3237B}.Debug|Any CPU.Build.0 = Debug|Any CPU
		{BAB7A25E-A414-41B8-8C55-3076C8B3237B}.Debug|x64.ActiveCfg = Debug|Any CPU
		{BAB7A25E-A414-41B8-8C55-3076C8B3237B}.Debug|x64.Build.0 = Debug|Any CPU
		{BAB7A25E-A414-41B8-8C55-3076C8B3237B}.Debug|x86.ActiveCfg = Debug|Any CPU
		{BAB7A25E-A414-41B8-8C55-3076C8B3237B}.Debug|x86.Build.0 = Debug|Any CPU
		{BAB7A25E-A414-41B8-8C55-3076C8B3237B}.Release|Any CPU.ActiveCfg = Release|Any CPU
		{BAB7A25E-A414-41B8-8C55-3076C8B3237B}.Release|Any CPU.Build.0 = Release|Any CPU
		{BAB7A25E-A414-41B8-8C55-3076C8B3237B}.Release|x64.ActiveCfg = Release|Any CPU
		{BAB7A25E-A414-41B8-8C55-3076C8B3237B}.Release|x64.Build.0 = Release|Any CPU
		{BAB7A25E-A414-41B8-8C55-3076C8B3237B}.Release|x86.ActiveCfg = Release|Any CPU
		{BAB7A25E-A414-41B8-8C55-3076C8B3237B}.Release|x86.Build.0 = Release|Any CPU
		{35D3F9A8-4865-49FA-97EC-95369D754947}.Debug|Any CPU.ActiveCfg = Debug|Any CPU
		{35D3F9A8-4865-49FA-97EC-95369D754947}.Debug|Any CPU.Build.0 = Debug|Any CPU
		{35D3F9A8-4865-49FA-97EC-95369D754947}.Debug|x64.ActiveCfg = Debug|Any CPU
		{35D3F9A8-4865-49FA-97EC-95369D754947}.Debug|x64.Build.0 = Debug|Any CPU
		{35D3F9A8-4865-49FA-97EC-95369D754947}.Debug|x86.ActiveCfg = Debug|Any CPU
		{35D3F9A8-4865-49FA-97EC-95369D754947}.Debug|x86.Build.0 = Debug|Any CPU
		{35D3F9A8-4865-49FA-97EC-95369D754947}.Release|Any CPU.ActiveCfg = Release|Any CPU
		{35D3F9A8-4865-49FA-97EC-95369D754947}.Release|Any CPU.Build.0 = Release|Any CPU
		{35D3F9A8-4865-49FA-97EC-95369D754947}.Release|x64.ActiveCfg = Release|Any CPU
		{35D3F9A8-4865-49FA-97EC-95369D754947}.Release|x64.Build.0 = Release|Any CPU
		{35D3F9A8-4865-49FA-97EC-95369D754947}.Release|x86.ActiveCfg = Release|Any CPU
		{35D3F9A8-4865-49FA-97EC-95369D754947}.Release|x86.Build.0 = Release|Any CPU
		{571C15F2-D8A7-465D-AB56-AA6ABF9A1D78}.Debug|Any CPU.ActiveCfg = Debug|Any CPU
		{571C15F2-D8A7-465D-AB56-AA6ABF9A1D78}.Debug|Any CPU.Build.0 = Debug|Any CPU
		{571C15F2-D8A7-465D-AB56-AA6ABF9A1D78}.Debug|x64.ActiveCfg = Debug|Any CPU
		{571C15F2-D8A7-465D-AB56-AA6ABF9A1D78}.Debug|x64.Build.0 = Debug|Any CPU
		{571C15F2-D8A7-465D-AB56-AA6ABF9A1D78}.Debug|x86.ActiveCfg = Debug|Any CPU
		{571C15F2-D8A7-465D-AB56-AA6ABF9A1D78}.Debug|x86.Build.0 = Debug|Any CPU
		{571C15F2-D8A7-465D-AB56-AA6ABF9A1D78}.Release|Any CPU.ActiveCfg = Release|Any CPU
		{571C15F2-D8A7-465D-AB56-AA6ABF9A1D78}.Release|Any CPU.Build.0 = Release|Any CPU
		{571C15F2-D8A7-465D-AB56-AA6ABF9A1D78}.Release|x64.ActiveCfg = Release|Any CPU
		{571C15F2-D8A7-465D-AB56-AA6ABF9A1D78}.Release|x64.Build.0 = Release|Any CPU
		{571C15F2-D8A7-465D-AB56-AA6ABF9A1D78}.Release|x86.ActiveCfg = Release|Any CPU
		{571C15F2-D8A7-465D-AB56-AA6ABF9A1D78}.Release|x86.Build.0 = Release|Any CPU
		{896FF7DB-8374-45DE-99E5-5EC6E4C9F6BC}.Debug|Any CPU.ActiveCfg = Debug|Any CPU
		{896FF7DB-8374-45DE-99E5-5EC6E4C9F6BC}.Debug|Any CPU.Build.0 = Debug|Any CPU
		{896FF7DB-8374-45DE-99E5-5EC6E4C9F6BC}.Debug|x64.ActiveCfg = Debug|Any CPU
		{896FF7DB-8374-45DE-99E5-5EC6E4C9F6BC}.Debug|x64.Build.0 = Debug|Any CPU
		{896FF7DB-8374-45DE-99E5-5EC6E4C9F6BC}.Debug|x86.ActiveCfg = Debug|Any CPU
		{896FF7DB-8374-45DE-99E5-5EC6E4C9F6BC}.Debug|x86.Build.0 = Debug|Any CPU
		{896FF7DB-8374-45DE-99E5-5EC6E4C9F6BC}.Release|Any CPU.ActiveCfg = Release|Any CPU
		{896FF7DB-8374-45DE-99E5-5EC6E4C9F6BC}.Release|Any CPU.Build.0 = Release|Any CPU
		{896FF7DB-8374-45DE-99E5-5EC6E4C9F6BC}.Release|x64.ActiveCfg = Release|Any CPU
		{896FF7DB-8374-45DE-99E5-5EC6E4C9F6BC}.Release|x64.Build.0 = Release|Any CPU
		{896FF7DB-8374-45DE-99E5-5EC6E4C9F6BC}.Release|x86.ActiveCfg = Release|Any CPU
		{896FF7DB-8374-45DE-99E5-5EC6E4C9F6BC}.Release|x86.Build.0 = Release|Any CPU
		{BF36FE47-C61A-4053-8FA5-9A4486728048}.Debug|Any CPU.ActiveCfg = Debug|Any CPU
		{BF36FE47-C61A-4053-8FA5-9A4486728048}.Debug|Any CPU.Build.0 = Debug|Any CPU
		{BF36FE47-C61A-4053-8FA5-9A4486728048}.Debug|x64.ActiveCfg = Debug|Any CPU
		{BF36FE47-C61A-4053-8FA5-9A4486728048}.Debug|x64.Build.0 = Debug|Any CPU
		{BF36FE47-C61A-4053-8FA5-9A4486728048}.Debug|x86.ActiveCfg = Debug|Any CPU
		{BF36FE47-C61A-4053-8FA5-9A4486728048}.Debug|x86.Build.0 = Debug|Any CPU
		{BF36FE47-C61A-4053-8FA5-9A4486728048}.Release|Any CPU.ActiveCfg = Release|Any CPU
		{BF36FE47-C61A-4053-8FA5-9A4486728048}.Release|Any CPU.Build.0 = Release|Any CPU
		{BF36FE47-C61A-4053-8FA5-9A4486728048}.Release|x64.ActiveCfg = Release|Any CPU
		{BF36FE47-C61A-4053-8FA5-9A4486728048}.Release|x64.Build.0 = Release|Any CPU
		{BF36FE47-C61A-4053-8FA5-9A4486728048}.Release|x86.ActiveCfg = Release|Any CPU
		{BF36FE47-C61A-4053-8FA5-9A4486728048}.Release|x86.Build.0 = Release|Any CPU
		{99B434E5-988B-4588-859A-5ABEDA7227E1}.Debug|Any CPU.ActiveCfg = Debug|Any CPU
		{99B434E5-988B-4588-859A-5ABEDA7227E1}.Debug|Any CPU.Build.0 = Debug|Any CPU
		{99B434E5-988B-4588-859A-5ABEDA7227E1}.Debug|x64.ActiveCfg = Debug|Any CPU
		{99B434E5-988B-4588-859A-5ABEDA7227E1}.Debug|x64.Build.0 = Debug|Any CPU
		{99B434E5-988B-4588-859A-5ABEDA7227E1}.Debug|x86.ActiveCfg = Debug|Any CPU
		{99B434E5-988B-4588-859A-5ABEDA7227E1}.Debug|x86.Build.0 = Debug|Any CPU
		{99B434E5-988B-4588-859A-5ABEDA7227E1}.Release|Any CPU.ActiveCfg = Release|Any CPU
		{99B434E5-988B-4588-859A-5ABEDA7227E1}.Release|Any CPU.Build.0 = Release|Any CPU
		{99B434E5-988B-4588-859A-5ABEDA7227E1}.Release|x64.ActiveCfg = Release|Any CPU
		{99B434E5-988B-4588-859A-5ABEDA7227E1}.Release|x64.Build.0 = Release|Any CPU
		{99B434E5-988B-4588-859A-5ABEDA7227E1}.Release|x86.ActiveCfg = Release|Any CPU
		{99B434E5-988B-4588-859A-5ABEDA7227E1}.Release|x86.Build.0 = Release|Any CPU
		{651D3887-971A-4F0F-9159-40F2B9CD4046}.Debug|Any CPU.ActiveCfg = Debug|Any CPU
		{651D3887-971A-4F0F-9159-40F2B9CD4046}.Debug|Any CPU.Build.0 = Debug|Any CPU
		{651D3887-971A-4F0F-9159-40F2B9CD4046}.Debug|x64.ActiveCfg = Debug|Any CPU
		{651D3887-971A-4F0F-9159-40F2B9CD4046}.Debug|x64.Build.0 = Debug|Any CPU
		{651D3887-971A-4F0F-9159-40F2B9CD4046}.Debug|x86.ActiveCfg = Debug|Any CPU
		{651D3887-971A-4F0F-9159-40F2B9CD4046}.Debug|x86.Build.0 = Debug|Any CPU
		{651D3887-971A-4F0F-9159-40F2B9CD4046}.Release|Any CPU.ActiveCfg = Release|Any CPU
		{651D3887-971A-4F0F-9159-40F2B9CD4046}.Release|Any CPU.Build.0 = Release|Any CPU
		{651D3887-971A-4F0F-9159-40F2B9CD4046}.Release|x64.ActiveCfg = Release|Any CPU
		{651D3887-971A-4F0F-9159-40F2B9CD4046}.Release|x64.Build.0 = Release|Any CPU
		{651D3887-971A-4F0F-9159-40F2B9CD4046}.Release|x86.ActiveCfg = Release|Any CPU
		{651D3887-971A-4F0F-9159-40F2B9CD4046}.Release|x86.Build.0 = Release|Any CPU
		{3B6855C1-F909-42A7-B966-7C971F8BD811}.Debug|Any CPU.ActiveCfg = Debug|Any CPU
		{3B6855C1-F909-42A7-B966-7C971F8BD811}.Debug|Any CPU.Build.0 = Debug|Any CPU
		{3B6855C1-F909-42A7-B966-7C971F8BD811}.Debug|x64.ActiveCfg = Debug|Any CPU
		{3B6855C1-F909-42A7-B966-7C971F8BD811}.Debug|x64.Build.0 = Debug|Any CPU
		{3B6855C1-F909-42A7-B966-7C971F8BD811}.Debug|x86.ActiveCfg = Debug|Any CPU
		{3B6855C1-F909-42A7-B966-7C971F8BD811}.Debug|x86.Build.0 = Debug|Any CPU
		{3B6855C1-F909-42A7-B966-7C971F8BD811}.Release|Any CPU.ActiveCfg = Release|Any CPU
		{3B6855C1-F909-42A7-B966-7C971F8BD811}.Release|Any CPU.Build.0 = Release|Any CPU
		{3B6855C1-F909-42A7-B966-7C971F8BD811}.Release|x64.ActiveCfg = Release|Any CPU
		{3B6855C1-F909-42A7-B966-7C971F8BD811}.Release|x64.Build.0 = Release|Any CPU
		{3B6855C1-F909-42A7-B966-7C971F8BD811}.Release|x86.ActiveCfg = Release|Any CPU
		{3B6855C1-F909-42A7-B966-7C971F8BD811}.Release|x86.Build.0 = Release|Any CPU
		{76725C78-EC25-4E71-9449-6449F6C000D0}.Debug|Any CPU.ActiveCfg = Debug|Any CPU
		{76725C78-EC25-4E71-9449-6449F6C000D0}.Debug|Any CPU.Build.0 = Debug|Any CPU
		{76725C78-EC25-4E71-9449-6449F6C000D0}.Debug|x64.ActiveCfg = Debug|Any CPU
		{76725C78-EC25-4E71-9449-6449F6C000D0}.Debug|x64.Build.0 = Debug|Any CPU
		{76725C78-EC25-4E71-9449-6449F6C000D0}.Debug|x86.ActiveCfg = Debug|Any CPU
		{76725C78-EC25-4E71-9449-6449F6C000D0}.Debug|x86.Build.0 = Debug|Any CPU
		{76725C78-EC25-4E71-9449-6449F6C000D0}.Release|Any CPU.ActiveCfg = Release|Any CPU
		{76725C78-EC25-4E71-9449-6449F6C000D0}.Release|Any CPU.Build.0 = Release|Any CPU
		{76725C78-EC25-4E71-9449-6449F6C000D0}.Release|x64.ActiveCfg = Release|Any CPU
		{76725C78-EC25-4E71-9449-6449F6C000D0}.Release|x64.Build.0 = Release|Any CPU
		{76725C78-EC25-4E71-9449-6449F6C000D0}.Release|x86.ActiveCfg = Release|Any CPU
		{76725C78-EC25-4E71-9449-6449F6C000D0}.Release|x86.Build.0 = Release|Any CPU
		{5502E064-48EB-4FE4-BD5A-EE7E0E1E888D}.Debug|Any CPU.ActiveCfg = Debug|Any CPU
		{5502E064-48EB-4FE4-BD5A-EE7E0E1E888D}.Debug|Any CPU.Build.0 = Debug|Any CPU
		{5502E064-48EB-4FE4-BD5A-EE7E0E1E888D}.Debug|x64.ActiveCfg = Debug|Any CPU
		{5502E064-48EB-4FE4-BD5A-EE7E0E1E888D}.Debug|x64.Build.0 = Debug|Any CPU
		{5502E064-48EB-4FE4-BD5A-EE7E0E1E888D}.Debug|x86.ActiveCfg = Debug|Any CPU
		{5502E064-48EB-4FE4-BD5A-EE7E0E1E888D}.Debug|x86.Build.0 = Debug|Any CPU
		{5502E064-48EB-4FE4-BD5A-EE7E0E1E888D}.Release|Any CPU.ActiveCfg = Release|Any CPU
		{5502E064-48EB-4FE4-BD5A-EE7E0E1E888D}.Release|Any CPU.Build.0 = Release|Any CPU
		{5502E064-48EB-4FE4-BD5A-EE7E0E1E888D}.Release|x64.ActiveCfg = Release|Any CPU
		{5502E064-48EB-4FE4-BD5A-EE7E0E1E888D}.Release|x64.Build.0 = Release|Any CPU
		{5502E064-48EB-4FE4-BD5A-EE7E0E1E888D}.Release|x86.ActiveCfg = Release|Any CPU
		{5502E064-48EB-4FE4-BD5A-EE7E0E1E888D}.Release|x86.Build.0 = Release|Any CPU
		{497679E8-A85F-4E7B-B88D-3FECF3759EC6}.Debug|Any CPU.ActiveCfg = Debug|Any CPU
		{497679E8-A85F-4E7B-B88D-3FECF3759EC6}.Debug|Any CPU.Build.0 = Debug|Any CPU
		{497679E8-A85F-4E7B-B88D-3FECF3759EC6}.Debug|x64.ActiveCfg = Debug|Any CPU
		{497679E8-A85F-4E7B-B88D-3FECF3759EC6}.Debug|x64.Build.0 = Debug|Any CPU
		{497679E8-A85F-4E7B-B88D-3FECF3759EC6}.Debug|x86.ActiveCfg = Debug|Any CPU
		{497679E8-A85F-4E7B-B88D-3FECF3759EC6}.Debug|x86.Build.0 = Debug|Any CPU
		{497679E8-A85F-4E7B-B88D-3FECF3759EC6}.Release|Any CPU.ActiveCfg = Release|Any CPU
		{497679E8-A85F-4E7B-B88D-3FECF3759EC6}.Release|Any CPU.Build.0 = Release|Any CPU
		{497679E8-A85F-4E7B-B88D-3FECF3759EC6}.Release|x64.ActiveCfg = Release|Any CPU
		{497679E8-A85F-4E7B-B88D-3FECF3759EC6}.Release|x64.Build.0 = Release|Any CPU
		{497679E8-A85F-4E7B-B88D-3FECF3759EC6}.Release|x86.ActiveCfg = Release|Any CPU
		{497679E8-A85F-4E7B-B88D-3FECF3759EC6}.Release|x86.Build.0 = Release|Any CPU
		{1C01ED39-DDAF-4CA9-8604-43EAED6853E6}.Debug|Any CPU.ActiveCfg = Debug|Any CPU
		{1C01ED39-DDAF-4CA9-8604-43EAED6853E6}.Debug|Any CPU.Build.0 = Debug|Any CPU
		{1C01ED39-DDAF-4CA9-8604-43EAED6853E6}.Debug|x64.ActiveCfg = Debug|Any CPU
		{1C01ED39-DDAF-4CA9-8604-43EAED6853E6}.Debug|x64.Build.0 = Debug|Any CPU
		{1C01ED39-DDAF-4CA9-8604-43EAED6853E6}.Debug|x86.ActiveCfg = Debug|Any CPU
		{1C01ED39-DDAF-4CA9-8604-43EAED6853E6}.Debug|x86.Build.0 = Debug|Any CPU
		{1C01ED39-DDAF-4CA9-8604-43EAED6853E6}.Release|Any CPU.ActiveCfg = Release|Any CPU
		{1C01ED39-DDAF-4CA9-8604-43EAED6853E6}.Release|Any CPU.Build.0 = Release|Any CPU
		{1C01ED39-DDAF-4CA9-8604-43EAED6853E6}.Release|x64.ActiveCfg = Release|Any CPU
		{1C01ED39-DDAF-4CA9-8604-43EAED6853E6}.Release|x64.Build.0 = Release|Any CPU
		{1C01ED39-DDAF-4CA9-8604-43EAED6853E6}.Release|x86.ActiveCfg = Release|Any CPU
		{1C01ED39-DDAF-4CA9-8604-43EAED6853E6}.Release|x86.Build.0 = Release|Any CPU
		{75E7F34F-2D18-4CAC-8533-DC80D4886619}.Debug|Any CPU.ActiveCfg = Debug|Any CPU
		{75E7F34F-2D18-4CAC-8533-DC80D4886619}.Debug|Any CPU.Build.0 = Debug|Any CPU
		{75E7F34F-2D18-4CAC-8533-DC80D4886619}.Debug|x64.ActiveCfg = Debug|Any CPU
		{75E7F34F-2D18-4CAC-8533-DC80D4886619}.Debug|x64.Build.0 = Debug|Any CPU
		{75E7F34F-2D18-4CAC-8533-DC80D4886619}.Debug|x86.ActiveCfg = Debug|Any CPU
		{75E7F34F-2D18-4CAC-8533-DC80D4886619}.Debug|x86.Build.0 = Debug|Any CPU
		{75E7F34F-2D18-4CAC-8533-DC80D4886619}.Release|Any CPU.ActiveCfg = Release|Any CPU
		{75E7F34F-2D18-4CAC-8533-DC80D4886619}.Release|Any CPU.Build.0 = Release|Any CPU
		{75E7F34F-2D18-4CAC-8533-DC80D4886619}.Release|x64.ActiveCfg = Release|Any CPU
		{75E7F34F-2D18-4CAC-8533-DC80D4886619}.Release|x64.Build.0 = Release|Any CPU
		{75E7F34F-2D18-4CAC-8533-DC80D4886619}.Release|x86.ActiveCfg = Release|Any CPU
		{75E7F34F-2D18-4CAC-8533-DC80D4886619}.Release|x86.Build.0 = Release|Any CPU
	EndGlobalSection
	GlobalSection(SolutionProperties) = preSolution
		HideSolutionNode = FALSE
	EndGlobalSection
	GlobalSection(ExtensibilityGlobals) = postSolution
		SolutionGuid = {67C61996-EDDA-4C4B-A2BF-672C52835861}
	EndGlobalSection
EndGlobal
