
Microsoft Visual Studio Solution File, Format Version 12.00
# Visual Studio 15
VisualStudioVersion = 15.0.27004.2010
MinimumVisualStudioVersion = 10.0.40219.1
Project("{9A19103F-16F7-4668-BE54-9A1E7A4F7556}") = "Day1", "Day1\Day1.csproj", "{E256E567-CF1D-40AC-AEB5-C09D3D48C80D}"
EndProject
Project("{9A19103F-16F7-4668-BE54-9A1E7A4F7556}") = "Day2", "Day2\Day2.csproj", "{0F53C3C9-7E1C-4BAA-ABF0-0DBAFE7763C0}"
EndProject
Project("{9A19103F-16F7-4668-BE54-9A1E7A4F7556}") = "Common", "Common\Common.csproj", "{E75725DF-CDC2-48DD-A0B7-65F736BA27F0}"
EndProject
Project("{9A19103F-16F7-4668-BE54-9A1E7A4F7556}") = "Day3", "Day3\Day3.csproj", "{9D4FB391-7FD3-4ED8-A2BA-308E6D219C6E}"
EndProject
Project("{FAE04EC0-301F-11D3-BF4B-00C04F79EFBC}") = "Day4", "Day4\Day4.csproj", "{379A4DEF-16FB-45D5-AA25-C2AC6E192300}"
EndProject
Global
	GlobalSection(SolutionConfigurationPlatforms) = preSolution
		Debug|Any CPU = Debug|Any CPU
		Release|Any CPU = Release|Any CPU
	EndGlobalSection
	GlobalSection(ProjectConfigurationPlatforms) = postSolution
		{E256E567-CF1D-40AC-AEB5-C09D3D48C80D}.Debug|Any CPU.ActiveCfg = Debug|Any CPU
		{E256E567-CF1D-40AC-AEB5-C09D3D48C80D}.Debug|Any CPU.Build.0 = Debug|Any CPU
		{E256E567-CF1D-40AC-AEB5-C09D3D48C80D}.Release|Any CPU.ActiveCfg = Release|Any CPU
		{E256E567-CF1D-40AC-AEB5-C09D3D48C80D}.Release|Any CPU.Build.0 = Release|Any CPU
		{0F53C3C9-7E1C-4BAA-ABF0-0DBAFE7763C0}.Debug|Any CPU.ActiveCfg = Debug|Any CPU
		{0F53C3C9-7E1C-4BAA-ABF0-0DBAFE7763C0}.Debug|Any CPU.Build.0 = Debug|Any CPU
		{0F53C3C9-7E1C-4BAA-ABF0-0DBAFE7763C0}.Release|Any CPU.ActiveCfg = Release|Any CPU
		{0F53C3C9-7E1C-4BAA-ABF0-0DBAFE7763C0}.Release|Any CPU.Build.0 = Release|Any CPU
		{E75725DF-CDC2-48DD-A0B7-65F736BA27F0}.Debug|Any CPU.ActiveCfg = Debug|Any CPU
		{E75725DF-CDC2-48DD-A0B7-65F736BA27F0}.Debug|Any CPU.Build.0 = Debug|Any CPU
		{E75725DF-CDC2-48DD-A0B7-65F736BA27F0}.Release|Any CPU.ActiveCfg = Release|Any CPU
		{E75725DF-CDC2-48DD-A0B7-65F736BA27F0}.Release|Any CPU.Build.0 = Release|Any CPU
		{9D4FB391-7FD3-4ED8-A2BA-308E6D219C6E}.Debug|Any CPU.ActiveCfg = Debug|Any CPU
		{9D4FB391-7FD3-4ED8-A2BA-308E6D219C6E}.Debug|Any CPU.Build.0 = Debug|Any CPU
		{9D4FB391-7FD3-4ED8-A2BA-308E6D219C6E}.Release|Any CPU.ActiveCfg = Release|Any CPU
		{9D4FB391-7FD3-4ED8-A2BA-308E6D219C6E}.Release|Any CPU.Build.0 = Release|Any CPU
		{379A4DEF-16FB-45D5-AA25-C2AC6E192300}.Debug|Any CPU.ActiveCfg = Debug|Any CPU
		{379A4DEF-16FB-45D5-AA25-C2AC6E192300}.Debug|Any CPU.Build.0 = Debug|Any CPU
		{379A4DEF-16FB-45D5-AA25-C2AC6E192300}.Release|Any CPU.ActiveCfg = Release|Any CPU
		{379A4DEF-16FB-45D5-AA25-C2AC6E192300}.Release|Any CPU.Build.0 = Release|Any CPU
	EndGlobalSection
	GlobalSection(SolutionProperties) = preSolution
		HideSolutionNode = FALSE
	EndGlobalSection
	GlobalSection(ExtensibilityGlobals) = postSolution
		SolutionGuid = {254076B3-2ABD-4445-B34B-9F6D6D40039C}
	EndGlobalSection
EndGlobal
